dependencies:
  espressif/led_strip:
    component_hash: 28621486f77229aaf81c71f5e15d6fbf36c2949cf11094e07090593e659e7639
    dependencies:
    - name: idf
      require: private
      version: '>=5.0'
    source:
      registry_url: https://components.espressif.com/
      type: service
    version: 3.0.3
  espressif/mdns:
    component_hash: 3ba256ac95e07c274be53cbd73f06cb846c403b61e8fbdf1be57bdb79db7a63e
    dependencies:
    - name: idf
      require: private
      version: '>=5.0'
    source:
      registry_url: https://components.espressif.com/
      type: service
    version: 1.12.0
  idf:
    source:
      type: idf
    version: 6.1.0
direct_dependencies:
- espressif/led_strip
- espressif/mdns
manifest_hash: e9e1c364772aa00229aefffd8a51d321fbcbf0dac96a8d43e3f695cd3c10af00
target: esp32c3
version: 3.0.0
